
Microsoft Visual Studio Solution File, Format Version 12.00
# Visual Studio 14
VisualStudioVersion = 14.0.25420.1
MinimumVisualStudioVersion = 10.0.40219.1
Project("{FAE04EC0-301F-11D3-BF4B-00C04F79EFBC}") = "netBencodeReader", "netBencodeReader\netBencodeReader.csproj", "{4489C620-58C1-4376-A6B8-92A4FA10D1AB}"
EndProject
Project("{FAE04EC0-301F-11D3-BF4B-00C04F79EFBC}") = "netBencodeReaderUnitTests", "netBencodeReaderUnitTests\netBencodeReaderUnitTests.csproj", "{48199577-3567-4EC9-9E58-50B1CAB13A7A}"
EndProject
Global
	GlobalSection(SolutionConfigurationPlatforms) = preSolution
		Debug|Any CPU = Debug|Any CPU
		Release|Any CPU = Release|Any CPU
	EndGlobalSection
	GlobalSection(ProjectConfigurationPlatforms) = postSolution
		{4489C620-58C1-4376-A6B8-92A4FA10D1AB}.Debug|Any CPU.ActiveCfg = Debug|Any CPU
		{4489C620-58C1-4376-A6B8-92A4FA10D1AB}.Debug|Any CPU.Build.0 = Debug|Any CPU
		{4489C620-58C1-4376-A6B8-92A4FA10D1AB}.Release|Any CPU.ActiveCfg = Release|Any CPU
		{4489C620-58C1-4376-A6B8-92A4FA10D1AB}.Release|Any CPU.Build.0 = Release|Any CPU
		{48199577-3567-4EC9-9E58-50B1CAB13A7A}.Debug|Any CPU.ActiveCfg = Debug|Any CPU
		{48199577-3567-4EC9-9E58-50B1CAB13A7A}.Debug|Any CPU.Build.0 = Debug|Any CPU
		{48199577-3567-4EC9-9E58-50B1CAB13A7A}.Release|Any CPU.ActiveCfg = Release|Any CPU
		{48199577-3567-4EC9-9E58-50B1CAB13A7A}.Release|Any CPU.Build.0 = Release|Any CPU
	EndGlobalSection
	GlobalSection(SolutionProperties) = preSolution
		HideSolutionNode = FALSE
	EndGlobalSection
EndGlobal
